// !$*UTF8*$!
{
	archiveVersion = 1;
	classes = {
	};
	objectVersion = 77;
	objects = {

/* Begin PBXContainerItemProxy section */
		436C11342D48E88C00000556 /* PBXContainerItemProxy */ = {
			isa = PBXContainerItemProxy;
			containerPortal = 436C111B2D48E88B00000556 /* Project object */;
			proxyType = 1;
			remoteGlobalIDString = 436C11222D48E88B00000556;
			remoteInfo = tododo;
		};
		436C113E2D48E88C00000556 /* PBXContainerItemProxy */ = {
			isa = PBXContainerItemProxy;
			containerPortal = 436C111B2D48E88B00000556 /* Project object */;
			proxyType = 1;
			remoteGlobalIDString = 436C11222D48E88B00000556;
			remoteInfo = tododo;
		};
/* End PBXContainerItemProxy section */

/* Begin PBXFileReference section */
		436C11232D48E88B00000556 /* tododo.app */ = {isa = PBXFileReference; explicitFileType = wrapper.application; includeInIndex = 0; path = tododo.app; sourceTree = BUILT_PRODUCTS_DIR; };
		436C11332D48E88C00000556 /* tododoTests.xctest */ = {isa = PBXFileReference; explicitFileType = wrapper.cfbundle; includeInIndex = 0; path = tododoTests.xctest; sourceTree = BUILT_PRODUCTS_DIR; };
		436C113D2D48E88C00000556 /* tododoUITests.xctest */ = {isa = PBXFileReference; explicitFileType = wrapper.cfbundle; includeInIndex = 0; path = tododoUITests.xctest; sourceTree = BUILT_PRODUCTS_DIR; };
/* End PBXFileReference section */

/* Begin PBXFileSystemSynchronizedBuildFileExceptionSet section */
		43192F132FC2D8CA00198C42 /* Exceptions for "tododo" folder in "tododo" target */ = {
			isa = PBXFileSystemSynchronizedBuildFileExceptionSet;
			membershipExceptions = (
				Info.plist,
			);
			target = 436C11222D48E88B00000556 /* tododo */;
		};
/* End PBXFileSystemSynchronizedBuildFileExceptionSet section */

/* Begin PBXFileSystemSynchronizedRootGroup section */
		436C11252D48E88B00000556 /* tododo */ = {
			isa = PBXFileSystemSynchronizedRootGroup;
			exceptions = (
				43192F132FC2D8CA00198C42 /* Exceptions for "tododo" folder in "tododo" target */,
			);
			path = tododo;
			sourceTree = "<group>";
		};
		436C11362D48E88C00000556 /* tododoTests */ = {
			isa = PBXFileSystemSynchronizedRootGroup;
			path = tododoTests;
			sourceTree = "<group>";
		};
		436C11402D48E88C00000556 /* tododoUITests */ = {
			isa = PBXFileSystemSynchronizedRootGroup;
			path = tododoUITests;
			sourceTree = "<group>";
		};
/* End PBXFileSystemSynchronizedRootGroup section */

/* Begin PBXFrameworksBuildPhase section */
		436C11202D48E88B00000556 /* Frameworks */ = {
			isa = PBXFrameworksBuildPhase;
			buildActionMask = 2147483647;
			files = (
			);
			runOnlyForDeploymentPostprocessing = 0;
		};
		436C11302D48E88C00000556 /* Frameworks */ = {
			isa = PBXFrameworksBuildPhase;
			buildActionMask = 2147483647;
			files = (
			);
			runOnlyForDeploymentPostprocessing = 0;
		};
		436C113A2D48E88C00000556 /* Frameworks */ = {
			isa = PBXFrameworksBuildPhase;
			buildActionMask = 2147483647;
			files = (
			);
			runOnlyForDeploymentPostprocessing = 0;
		};
/* End PBXFrameworksBuildPhase section */

/* Begin PBXGroup section */
		436C111A2D48E88B00000556 = {
			isa = PBXGroup;
			children = (
				436C11252D48E88B00000556 /* tododo */,
				436C11362D48E88C00000556 /* tododoTests */,
				436C11402D48E88C00000556 /* tododoUITests */,
				436C11242D48E88B00000556 /* Products */,
			);
			sourceTree = "<group>";
		};
		436C11242D48E88B00000556 /* Products */ = {
			isa = PBXGroup;
			children = (
				436C11232D48E88B00000556 /* tododo.app */,
				436C11332D48E88C00000556 /* tododoTests.xctest */,
				436C113D2D48E88C00000556 /* tododoUITests.xctest */,
			);
			name = Products;
			sourceTree = "<group>";
		};
/* End PBXGroup section */

/* Begin PBXNativeTarget section */
		436C11222D48E88B00000556 /* tododo */ = {
			isa = PBXNativeTarget;
			buildConfigurationList = 436C11472D48E88C00000556 /* Build configuration list for PBXNativeTarget "tododo" */;
			buildPhases = (
				436C111F2D48E88B00000556 /* Sources */,
				436C11202D48E88B00000556 /* Frameworks */,
				436C11212D48E88B00000556 /* Resources */,
			);
			buildRules = (
			);
			dependencies = (
				43192F1B2FC2E28C00198C42 /* PBXTargetDependency */,
			);
			fileSystemSynchronizedGroups = (
				436C11252D48E88B00000556 /* tododo */,
			);
			name = tododo;
			packageProductDependencies = (
			);
			productName = tododo;
			productReference = 436C11232D48E88B00000556 /* tododo.app */;
			productType = "com.apple.product-type.application";
		};
		436C11322D48E88C00000556 /* tododoTests */ = {
			isa = PBXNativeTarget;
			buildConfigurationList = 436C114A2D48E88C00000556 /* Build configuration list for PBXNativeTarget "tododoTests" */;
			buildPhases = (
				436C112F2D48E88C00000556 /* Sources */,
				436C11302D48E88C00000556 /* Frameworks */,
				436C11312D48E88C00000556 /* Resources */,
			);
			buildRules = (
			);
			dependencies = (
				436C11352D48E88C00000556 /* PBXTargetDependency */,
			);
			fileSystemSynchronizedGroups = (
				436C11362D48E88C00000556 /* tododoTests */,
			);
			name = tododoTests;
			packageProductDependencies = (
			);
			productName = tododoTests;
			productReference = 436C11332D48E88C00000556 /* tododoTests.xctest */;
			productType = "com.apple.product-type.bundle.unit-test";
		};
		436C113C2D48E88C00000556 /* tododoUITests */ = {
			isa = PBXNativeTarget;
			buildConfigurationList = 436C114D2D48E88C00000556 /* Build configuration list for PBXNativeTarget "tododoUITests" */;
			buildPhases = (
				436C11392D48E88C00000556 /* Sources */,
				436C113A2D48E88C00000556 /* Frameworks */,
				436C113B2D48E88C00000556 /* Resources */,
			);
			buildRules = (
			);
			dependencies = (
				436C113F2D48E88C00000556 /* PBXTargetDependency */,
			);
			fileSystemSynchronizedGroups = (
				436C11402D48E88C00000556 /* tododoUITests */,
			);
			name = tododoUITests;
			packageProductDependencies = (
			);
			productName = tododoUITests;
			productReference = 436C113D2D48E88C00000556 /* tododoUITests.xctest */;
			productType = "com.apple.product-type.bundle.ui-testing";
		};
/* End PBXNativeTarget section */

/* Begin PBXProject section */
		436C111B2D48E88B00000556 /* Project object */ = {
			isa = PBXProject;
			attributes = {
				BuildIndependentTargetsInParallel = 1;
				LastSwiftUpdateCheck = 1620;
				LastUpgradeCheck = 1620;
				TargetAttributes = {
					436C11222D48E88B00000556 = {
						CreatedOnToolsVersion = 16.2;
					};
					436C11322D48E88C00000556 = {
						CreatedOnToolsVersion = 16.2;
						TestTargetID = 436C11222D48E88B00000556;
					};
					436C113C2D48E88C00000556 = {
						CreatedOnToolsVersion = 16.2;
						TestTargetID = 436C11222D48E88B00000556;
					};
				};
			};
			buildConfigurationList = 436C111E2D48E88B00000556 /* Build configuration list for PBXProject "tododo" */;
			developmentRegion = en;
			hasScannedForEncodings = 0;
			knownRegions = (
				en,
				Base,
			);
			mainGroup = 436C111A2D48E88B00000556;
			minimizedProjectReferenceProxies = 1;
			packageReferences = (
				434024302E20134F00DA6FC4 /* XCRemoteSwiftPackageReference "GRDB.swift" */,
				434024412E2017DD00DA6FC4 /* XCRemoteSwiftPackageReference "SwiftDate" */,
				43192F172FC2E01A00198C42 /* XCRemoteSwiftPackageReference "StepperView" */,
			);
			preferredProjectObjectVersion = 77;
			productRefGroup = 436C11242D48E88B00000556 /* Products */;
			projectDirPath = "";
			projectRoot = "";
			targets = (
				436C11222D48E88B00000556 /* tododo */,
				436C11322D48E88C00000556 /* tododoTests */,
				436C113C2D48E88C00000556 /* tododoUITests */,
			);
		};
/* End PBXProject section */

/* Begin PBXResourcesBuildPhase section */
		436C11212D48E88B00000556 /* Resources */ = {
			isa = PBXResourcesBuildPhase;
			buildActionMask = 2147483647;
			files = (
			);
			runOnlyForDeploymentPostprocessing = 0;
		};
		436C11312D48E88C00000556 /* Resources */ = {
			isa = PBXResourcesBuildPhase;
			buildActionMask = 2147483647;
			files = (
			);
			runOnlyForDeploymentPostprocessing = 0;
		};
		436C113B2D48E88C00000556 /* Resources */ = {
			isa = PBXResourcesBuildPhase;
			buildActionMask = 2147483647;
			files = (
			);
			runOnlyForDeploymentPostprocessing = 0;
		};
/* End PBXResourcesBuildPhase section */

/* Begin PBXSourcesBuildPhase section */
		436C111F2D48E88B00000556 /* Sources */ = {
			isa = PBXSourcesBuildPhase;
			buildActionMask = 2147483647;
			files = (
			);
			runOnlyForDeploymentPostprocessing = 0;
		};
		436C112F2D48E88C00000556 /* Sources */ = {
			isa = PBXSourcesBuildPhase;
			buildActionMask = 2147483647;
			files = (
			);
			runOnlyForDeploymentPostprocessing = 0;
		};
		436C11392D48E88C00000556 /* Sources */ = {
			isa = PBXSourcesBuildPhase;
			buildActionMask = 2147483647;
			files = (
			);
			runOnlyForDeploymentPostprocessing = 0;
		};
/* End PBXSourcesBuildPhase section */

/* Begin PBXTargetDependency section */
		43192F1B2FC2E28C00198C42 /* PBXTargetDependency */ = {
			isa = PBXTargetDependency;
			productRef = 43192F1A2FC2E28C00198C42 /* StepperView */;
		};
		436C11352D48E88C00000556 /* PBXTargetDependency */ = {
			isa = PBXTargetDependency;
			target = 436C11222D48E88B00000556 /* tododo */;
			targetProxy = 436C11342D48E88C00000556 /* PBXContainerItemProxy */;
		};
		436C113F2D48E88C00000556 /* PBXTargetDependency */ = {
			isa = PBXTargetDependency;
			target = 436C11222D48E88B00000556 /* tododo */;
			targetProxy = 436C113E2D48E88C00000556 /* PBXContainerItemProxy */;
		};
/* End PBXTargetDependency section */

/* Begin XCBuildConfiguration section */
		436C11452D48E88C00000556 /* Debug */ = {
			isa = XCBuildConfiguration;
			buildSettings = {
				ALWAYS_SEARCH_USER_PATHS = NO;
				ASSETCATALOG_COMPILER_GENERATE_SWIFT_ASSET_SYMBOL_EXTENSIONS = YES;
				CLANG_ANALYZER_NONNULL = YES;
				CLANG_ANALYZER_NUMBER_OBJECT_CONVERSION = YES_AGGRESSIVE;
				CLANG_CXX_LANGUAGE_STANDARD = "gnu++20";
				CLANG_ENABLE_MODULES = YES;
				CLANG_ENABLE_OBJC_ARC = YES;
				CLANG_ENABLE_OBJC_WEAK = YES;
				CLANG_WARN_BLOCK_CAPTURE_AUTORELEASING = YES;
				CLANG_WARN_BOOL_CONVERSION = YES;
				CLANG_WARN_COMMA = YES;
				CLANG_WARN_CONSTANT_CONVERSION = YES;
				CLANG_WARN_DEPRECATED_OBJC_IMPLEMENTATIONS = YES;
				CLANG_WARN_DIRECT_OBJC_ISA_USAGE = YES_ERROR;
				CLANG_WARN_DOCUMENTATION_COMMENTS = YES;
				CLANG_WARN_EMPTY_BODY = YES;
				CLANG_WARN_ENUM_CONVERSION = YES;
				CLANG_WARN_INFINITE_RECURSION = YES;
				CLANG_WARN_INT_CONVERSION = YES;
				CLANG_WARN_NON_LITERAL_NULL_CONVERSION = YES;
				CLANG_WARN_OBJC_IMPLICIT_RETAIN_SELF = YES;
				CLANG_WARN_OBJC_LITERAL_CONVERSION = YES;
				CLANG_WARN_OBJC_ROOT_CLASS = YES_ERROR;
				CLANG_WARN_QUOTED_INCLUDE_IN_FRAMEWORK_HEADER = YES;
				CLANG_WARN_RANGE_LOOP_ANALYSIS = YES;
				CLANG_WARN_STRICT_PROTOTYPES = YES;
				CLANG_WARN_SUSPICIOUS_MOVE = YES;
				CLANG_WARN_UNGUARDED_AVAILABILITY = YES_AGGRESSIVE;
				CLANG_WARN_UNREACHABLE_CODE = YES;
				CLANG_WARN__DUPLICATE_METHOD_MATCH = YES;
				COPY_PHASE_STRIP = NO;
				DEBUG_INFORMATION_FORMAT = dwarf;
				ENABLE_STRICT_OBJC_MSGSEND = YES;
				ENABLE_TESTABILITY = YES;
				ENABLE_USER_SCRIPT_SANDBOXING = YES;
				GCC_C_LANGUAGE_STANDARD = gnu17;
				GCC_DYNAMIC_NO_PIC = NO;
				GCC_NO_COMMON_BLOCKS = YES;
				GCC_OPTIMIZATION_LEVEL = 0;
				GCC_PREPROCESSOR_DEFINITIONS = (
					"DEBUG=1",
					"$(inherited)",
				);
				GCC_WARN_64_TO_32_BIT_CONVERSION = YES;
				GCC_WARN_ABOUT_RETURN_TYPE = YES_ERROR;
				GCC_WARN_UNDECLARED_SELECTOR = YES;
				GCC_WARN_UNINITIALIZED_AUTOS = YES_AGGRESSIVE;
				GCC_WARN_UNUSED_FUNCTION = YES;
				GCC_WARN_UNUSED_VARIABLE = YES;
				IPHONEOS_DEPLOYMENT_TARGET = 18.2;
				LOCALIZATION_PREFERS_STRING_CATALOGS = YES;
				MTL_ENABLE_DEBUG_INFO = INCLUDE_SOURCE;
				MTL_FAST_MATH = YES;
				ONLY_ACTIVE_ARCH = YES;
				SDKROOT = iphoneos;
				SWIFT_ACTIVE_COMPILATION_CONDITIONS = "DEBUG $(inherited)";
				SWIFT_OPTIMIZATION_LEVEL = "-Onone";
			};
			name = Debug;
		};
		436C11462D48E88C00000556 /* Release */ = {
			isa = XCBuildConfiguration;
			buildSettings = {
				ALWAYS_SEARCH_USER_PATHS = NO;
				ASSETCATALOG_COMPILER_GENERATE_SWIFT_ASSET_SYMBOL_EXTENSIONS = YES;
				CLANG_ANALYZER_NONNULL = YES;
				CLANG_ANALYZER_NUMBER_OBJECT_CONVERSION = YES_AGGRESSIVE;
				CLANG_CXX_LANGUAGE_STANDARD = "gnu++20";
				CLANG_ENABLE_MODULES = YES;
				CLANG_ENABLE_OBJC_ARC = YES;
				CLANG_ENABLE_OBJC_WEAK = YES;
				CLANG_WARN_BLOCK_CAPTURE_AUTORELEASING = YES;
				CLANG_WARN_BOOL_CONVERSION = YES;
				CLANG_WARN_COMMA = YES;
				CLANG_WARN_CONSTANT_CONVERSION = YES;
				CLANG_WARN_DEPRECATED_OBJC_IMPLEMENTATIONS = YES;
				CLANG_WARN_DIRECT_OBJC_ISA_USAGE = YES_ERROR;
				CLANG_WARN_DOCUMENTATION_COMMENTS = YES;
				CLANG_WARN_EMPTY_BODY = YES;
				CLANG_WARN_ENUM_CONVERSION = YES;
				CLANG_WARN_INFINITE_RECURSION = YES;
				CLANG_WARN_INT_CONVERSION = YES;
				CLANG_WARN_NON_LITERAL_NULL_CONVERSION = YES;
				CLANG_WARN_OBJC_IMPLICIT_RETAIN_SELF = YES;
				CLANG_WARN_OBJC_LITERAL_CONVERSION = YES;
				CLANG_WARN_OBJC_ROOT_CLASS = YES_ERROR;
				CLANG_WARN_QUOTED_INCLUDE_IN_FRAMEWORK_HEADER = YES;
				CLANG_WARN_RANGE_LOOP_ANALYSIS = YES;
				CLANG_WARN_STRICT_PROTOTYPES = YES;
				CLANG_WARN_SUSPICIOUS_MOVE = YES;
				CLANG_WARN_UNGUARDED_AVAILABILITY = YES_AGGRESSIVE;
				CLANG_WARN_UNREACHABLE_CODE = YES;
				CLANG_WARN__DUPLICATE_METHOD_MATCH = YES;
				COPY_PHASE_STRIP = NO;
				DEBUG_INFORMATION_FORMAT = "dwarf-with-dsym";
				ENABLE_NS_ASSERTIONS = NO;
				ENABLE_STRICT_OBJC_MSGSEND = YES;
				ENABLE_USER_SCRIPT_SANDBOXING = YES;
				GCC_C_LANGUAGE_STANDARD = gnu17;
				GCC_NO_COMMON_BLOCKS = YES;
				GCC_WARN_64_TO_32_BIT_CONVERSION = YES;
				GCC_WARN_ABOUT_RETURN_TYPE = YES_ERROR;
				GCC_WARN_UNDECLARED_SELECTOR = YES;
				GCC_WARN_UNINITIALIZED_AUTOS = YES_AGGRESSIVE;
				GCC_WARN_UNUSED_FUNCTION = YES;
				GCC_WARN_UNUSED_VARIABLE = YES;
				IPHONEOS_DEPLOYMENT_TARGET = 18.2;
				LOCALIZATION_PREFERS_STRING_CATALOGS = YES;
				MTL_ENABLE_DEBUG_INFO = NO;
				MTL_FAST_MATH = YES;
				SDKROOT = iphoneos;
				SWIFT_COMPILATION_MODE = wholemodule;
				VALIDATE_PRODUCT = YES;
			};
			name = Release;
		};
		436C11482D48E88C00000556 /* Debug */ = {
			isa = XCBuildConfiguration;
			buildSettings = {
				ASSETCATALOG_COMPILER_APPICON_NAME = AppIcon;
				ASSETCATALOG_COMPILER_GLOBAL_ACCENT_COLOR_NAME = AccentColor;
				CODE_SIGN_STYLE = Automatic;
				CURRENT_PROJECT_VERSION = 1;
				DEVELOPMENT_ASSET_PATHS = "\"tododo/Preview Content\"";
				ENABLE_PREVIEWS = YES;
				GENERATE_INFOPLIST_FILE = YES;
				INFOPLIST_FILE = tododo/Info.plist;
				INFOPLIST_KEY_UIApplicationSceneManifest_Generation = YES;
				INFOPLIST_KEY_UIApplicationSupportsIndirectInputEvents = YES;
				INFOPLIST_KEY_UILaunchScreen_Generation = YES;
				INFOPLIST_KEY_UISupportedInterfaceOrientations_iPad = "UIInterfaceOrientationPortrait UIInterfaceOrientationPortraitUpsideDown UIInterfaceOrientationLandscapeLeft UIInterfaceOrientationLandscapeRight";
				INFOPLIST_KEY_UISupportedInterfaceOrientations_iPhone = "UIInterfaceOrientationPortrait UIInterfaceOrientationLandscapeLeft UIInterfaceOrientationLandscapeRight";
				IPHONEOS_DEPLOYMENT_TARGET = 18.6;
				LD_RUNPATH_SEARCH_PATHS = (
					"$(inherited)",
					"@executable_path/Frameworks",
				);
				MARKETING_VERSION = 1.0;
				PRODUCT_BUNDLE_IDENTIFIER = in.tododo.tododo;
				PRODUCT_NAME = "$(TARGET_NAME)";
				SWIFT_EMIT_LOC_STRINGS = YES;
				SWIFT_VERSION = 5.0;
				TARGETED_DEVICE_FAMILY = "1,2";
			};
			name = Debug;
		};
		436C11492D48E88C00000556 /* Release */ = {
			isa = XCBuildConfiguration;
			buildSettings = {
				ASSETCATALOG_COMPILER_APPICON_NAME = AppIcon;
				ASSETCATALOG_COMPILER_GLOBAL_ACCENT_COLOR_NAME = AccentColor;
				CODE_SIGN_STYLE = Automatic;
				CURRENT_PROJECT_VERSION = 1;
				DEVELOPMENT_ASSET_PATHS = "\"tododo/Preview Content\"";
				ENABLE_PREVIEWS = YES;
				GENERATE_INFOPLIST_FILE = YES;
				INFOPLIST_FILE = tododo/Info.plist;
				INFOPLIST_KEY_UIApplicationSceneManifest_Generation = YES;
				INFOPLIST_KEY_UIApplicationSupportsIndirectInputEvents = YES;
				INFOPLIST_KEY_UILaunchScreen_Generation = YES;
				INFOPLIST_KEY_UISupportedInterfaceOrientations_iPad = "UIInterfaceOrientationPortrait UIInterfaceOrientationPortraitUpsideDown UIInterfaceOrientationLandscapeLeft UIInterfaceOrientationLandscapeRight";
				INFOPLIST_KEY_UISupportedInterfaceOrientations_iPhone = "UIInterfaceOrientationPortrait UIInterfaceOrientationLandscapeLeft UIInterfaceOrientationLandscapeRight";
				IPHONEOS_DEPLOYMENT_TARGET = 18.6;
				LD_RUNPATH_SEARCH_PATHS = (
					"$(inherited)",
					"@executable_path/Frameworks",
				);
				MARKETING_VERSION = 1.0;
				PRODUCT_BUNDLE_IDENTIFIER = in.tododo.tododo;
				PRODUCT_NAME = "$(TARGET_NAME)";
				SWIFT_EMIT_LOC_STRINGS = YES;
				SWIFT_VERSION = 5.0;
				TARGETED_DEVICE_FAMILY = "1,2";
			};
			name = Release;
		};
		436C114B2D48E88C00000556 /* Debug */ = {
			isa = XCBuildConfiguration;
			buildSettings = {
				BUNDLE_LOADER = "$(TEST_HOST)";
				CODE_SIGN_STYLE = Automatic;
				CURRENT_PROJECT_VERSION = 1;
				GENERATE_INFOPLIST_FILE = YES;
				IPHONEOS_DEPLOYMENT_TARGET = 18.2;
				MARKETING_VERSION = 1.0;
				PRODUCT_BUNDLE_IDENTIFIER = in.tododo.tododoTests;
				PRODUCT_NAME = "$(TARGET_NAME)";
				SWIFT_EMIT_LOC_STRINGS = NO;
				SWIFT_VERSION = 5.0;
				TARGETED_DEVICE_FAMILY = "1,2";
				TEST_HOST = "$(BUILT_PRODUCTS_DIR)/tododo.app/$(BUNDLE_EXECUTABLE_FOLDER_PATH)/tododo";
			};
			name = Debug;
		};
		436C114C2D48E88C00000556 /* Release */ = {
			isa = XCBuildConfiguration;
			buildSettings = {
				BUNDLE_LOADER = "$(TEST_HOST)";
				CODE_SIGN_STYLE = Automatic;
				CURRENT_PROJECT_VERSION = 1;
				GENERATE_INFOPLIST_FILE = YES;
				IPHONEOS_DEPLOYMENT_TARGET = 18.2;
				MARKETING_VERSION = 1.0;
				PRODUCT_BUNDLE_IDENTIFIER = in.tododo.tododoTests;
				PRODUCT_NAME = "$(TARGET_NAME)";
				SWIFT_EMIT_LOC_STRINGS = NO;
				SWIFT_VERSION = 5.0;
				TARGETED_DEVICE_FAMILY = "1,2";
				TEST_HOST = "$(BUILT_PRODUCTS_DIR)/tododo.app/$(BUNDLE_EXECUTABLE_FOLDER_PATH)/tododo";
			};
			name = Release;
		};
		436C114E2D48E88C00000556 /* Debug */ = {
			isa = XCBuildConfiguration;
			buildSettings = {
				CODE_SIGN_STYLE = Automatic;
				CURRENT_PROJECT_VERSION = 1;
				GENERATE_INFOPLIST_FILE = YES;
				MARKETING_VERSION = 1.0;
				PRODUCT_BUNDLE_IDENTIFIER = in.tododo.tododoUITests;
				PRODUCT_NAME = "$(TARGET_NAME)";
				SWIFT_EMIT_LOC_STRINGS = NO;
				SWIFT_VERSION = 5.0;
				TARGETED_DEVICE_FAMILY = "1,2";
				TEST_TARGET_NAME = tododo;
			};
			name = Debug;
		};
		436C114F2D48E88C00000556 /* Release */ = {
			isa = XCBuildConfiguration;
			buildSettings = {
				CODE_SIGN_STYLE = Automatic;
				CURRENT_PROJECT_VERSION = 1;
				GENERATE_INFOPLIST_FILE = YES;
				MARKETING_VERSION = 1.0;
				PRODUCT_BUNDLE_IDENTIFIER = in.tododo.tododoUITests;
				PRODUCT_NAME = "$(TARGET_NAME)";
				SWIFT_EMIT_LOC_STRINGS = NO;
				SWIFT_VERSION = 5.0;
				TARGETED_DEVICE_FAMILY = "1,2";
				TEST_TARGET_NAME = tododo;
			};
			name = Release;
		};
/* End XCBuildConfiguration section */

/* Begin XCConfigurationList section */
		436C111E2D48E88B00000556 /* Build configuration list for PBXProject "tododo" */ = {
			isa = XCConfigurationList;
			buildConfigurations = (
				436C11452D48E88C00000556 /* Debug */,
				436C11462D48E88C00000556 /* Release */,
			);
			defaultConfigurationIsVisible = 0;
			defaultConfigurationName = Release;
		};
		436C11472D48E88C00000556 /* Build configuration list for PBXNativeTarget "tododo" */ = {
			isa = XCConfigurationList;
			buildConfigurations = (
				436C11482D48E88C00000556 /* Debug */,
				436C11492D48E88C00000556 /* Release */,
			);
			defaultConfigurationIsVisible = 0;
			defaultConfigurationName = Release;
		};
		436C114A2D48E88C00000556 /* Build configuration list for PBXNativeTarget "tododoTests" */ = {
			isa = XCConfigurationList;
			buildConfigurations = (
				436C114B2D48E88C00000556 /* Debug */,
				436C114C2D48E88C00000556 /* Release */,
			);
			defaultConfigurationIsVisible = 0;
			defaultConfigurationName = Release;
		};
		436C114D2D48E88C00000556 /* Build configuration list for PBXNativeTarget "tododoUITests" */ = {
			isa = XCConfigurationList;
			buildConfigurations = (
				436C114E2D48E88C00000556 /* Debug */,
				436C114F2D48E88C00000556 /* Release */,
			);
			defaultConfigurationIsVisible = 0;
			defaultConfigurationName = Release;
		};
/* End XCConfigurationList section */

/* Begin XCRemoteSwiftPackageReference section */
		43192F172FC2E01A00198C42 /* XCRemoteSwiftPackageReference "StepperView" */ = {
			isa = XCRemoteSwiftPackageReference;
			repositoryURL = "https://github.com/badrinathvm/StepperView.git";
			requirement = {
				kind = upToNextMajorVersion;
				minimumVersion = 2.0.3;
			};
		};
		434024302E20134F00DA6FC4 /* XCRemoteSwiftPackageReference "GRDB.swift" */ = {
			isa = XCRemoteSwiftPackageReference;
			repositoryURL = "https://github.com/groue/GRDB.swift.git";
			requirement = {
				branch = master;
				kind = branch;
			};
		};
		434024412E2017DD00DA6FC4 /* XCRemoteSwiftPackageReference "SwiftDate" */ = {
			isa = XCRemoteSwiftPackageReference;
			repositoryURL = "https://github.com/malcommac/SwiftDate.git";
			requirement = {
				kind = upToNextMajorVersion;
				minimumVersion = 7.0.0;
			};
		};
/* End XCRemoteSwiftPackageReference section */

/* Begin XCSwiftPackageProductDependency section */
		43192F1A2FC2E28C00198C42 /* StepperView */ = {
			isa = XCSwiftPackageProductDependency;
			package = 43192F172FC2E01A00198C42 /* XCRemoteSwiftPackageReference "StepperView" */;
			productName = StepperView;
		};
/* End XCSwiftPackageProductDependency section */
	};
	rootObject = 436C111B2D48E88B00000556 /* Project object */;
}
